<?xml version="1.0" encoding="utf-8"?>
<Project ToolsVersion="4.0" xmlns="http://schemas.microsoft.com/developer/msbuild/2003">
  <ItemGroup>
    <Filter Include="Source Files">
      <UniqueIdentifier>{4FC737F1-C7A5-4376-A066-2A32D752A2FF}</UniqueIdentifier>
      <Extensions>cpp;c;cc;cxx;def;odl;idl;hpj;bat;asm;asmx</Extensions>
    </Filter>
    <Filter Include="Header Files">
      <UniqueIdentifier>{93995380-89BD-4b04-88EB-625FBE52EBFB}</UniqueIdentifier>
      <Extensions>h;hh;hpp;hxx;hm;inl;inc;xsd</Extensions>
    </Filter>
    <Filter Include="Header Files\tiles">
      <UniqueIdentifier>{9f81b2fa-0e19-4cd2-96c9-6bf1578d5ed2}</UniqueIdentifier>
    </Filter>
    <Filter Include="Source Files\tiles">
      <UniqueIdentifier>{875a9649-c515-413e-abf8-2c6cdd866653}</UniqueIdentifier>
    </Filter>
    <Filter Include="Header Files\entities">
      <UniqueIdentifier>{5d15ae67-c8ac-4596-aa62-62b3a180a5e3}</UniqueIdentifier>
    </Filter>
    <Filter Include="Source Files\entities">
      <UniqueIdentifier>{efb47aab-ba8a-42cf-8875-0e83cfddc7ec}</UniqueIdentifier>
    </Filter>
    <Filter Include="Header Files\states">
      <UniqueIdentifier>{534da4d0-44c7-4736-a5d5-40fa51e1ec82}</UniqueIdentifier>
    </Filter>
    <Filter Include="Source Files\states">
      <UniqueIdentifier>{b23ee387-222e-4b2d-8287-d5cdc7fd1430}</UniqueIdentifier>
    </Filter>
    <Filter Include="Header Files\utils">
      <UniqueIdentifier>{b5de62c7-1db2-43f9-ab31-129008d51566}</UniqueIdentifier>
    </Filter>
    <Filter Include="Header Files\ui">
      <UniqueIdentifier>{10026c40-ac01-4729-af71-4b068bef6b9c}</UniqueIdentifier>
    </Filter>
    <Filter Include="Header Files\managers">
      <UniqueIdentifier>{5ae7eaf1-0eff-4097-b756-ef0975b6a265}</UniqueIdentifier>
    </Filter>
    <Filter Include="Header Files\ai">
      <UniqueIdentifier>{6f416a6f-70f4-47c1-88d2-3deeb838fd00}</UniqueIdentifier>
    </Filter>
    <Filter Include="Header Files\game">
      <UniqueIdentifier>{7a43092f-d475-49dc-aae6-770e590f3e62}</UniqueIdentifier>
    </Filter>
    <Filter Include="Source Files\ai">
      <UniqueIdentifier>{a9108c80-2e4d-486a-9d84-161b3c8dfe6a}</UniqueIdentifier>
    </Filter>
    <Filter Include="Source Files\managers">
      <UniqueIdentifier>{7ab644f4-3011-491d-9fcc-680e1b1b7ecb}</UniqueIdentifier>
    </Filter>
    <Filter Include="Source Files\game">
      <UniqueIdentifier>{58c2a7f3-c9b3-4806-9b9b-17f03d958a8c}</UniqueIdentifier>
    </Filter>
    <Filter Include="Source Files\ui">
      <UniqueIdentifier>{df919da9-b48b-4951-8612-aa4e9cddd224}</UniqueIdentifier>
    </Filter>
    <Filter Include="Source Files\utils">
      <UniqueIdentifier>{2a7f6337-af65-457f-a7c7-a9f56e1f65b7}</UniqueIdentifier>
    </Filter>
    <Filter Include="Header Files\Resource Files">
      <UniqueIdentifier>{67DA6AB6-F800-4c08-8B7A-83BB121AAD01}</UniqueIdentifier>
      <Extensions>rc;ico;cur;bmp;dlg;rc2;rct;bin;rgs;gif;jpg;jpeg;jpe;resx;tiff;tif;png;wav;mfcribbon-ms</Extensions>
    </Filter>
  </ItemGroup>
  <ItemGroup>
    <ClCompile Include="GrassTile.cpp">
      <Filter>Source Files\tiles</Filter>
    </ClCompile>
    <ClCompile Include="DirtTile.cpp">
      <Filter>Source Files\tiles</Filter>
    </ClCompile>
    <ClCompile Include="StoneTile.cpp">
      <Filter>Source Files\tiles</Filter>
    </ClCompile>
    <ClCompile Include="WoodPlankTile.cpp">
      <Filter>Source Files\tiles</Filter>
    </ClCompile>
    <ClCompile Include="WellTile.cpp">
      <Filter>Source Files\tiles</Filter>
    </ClCompile>
    <ClCompile Include="Tile.cpp">
      <Filter>Source Files\tiles</Filter>
    </ClCompile>
    <ClCompile Include="FlowerTile.cpp">
      <Filter>Source Files\tiles</Filter>
    </ClCompile>
    <ClCompile Include="Entity.cpp">
      <Filter>Source Files\entities</Filter>
    </ClCompile>
    <ClCompile Include="Player.cpp">
      <Filter>Source Files\entities</Filter>
    </ClCompile>
    <ClCompile Include="Zombie.cpp">
      <Filter>Source Files\entities</Filter>
    </ClCompile>
    <ClCompile Include="StateMachine.cpp">
      <Filter>Source Files\states</Filter>
    </ClCompile>
    <ClCompile Include="GameState.cpp">
      <Filter>Source Files\states</Filter>
    </ClCompile>
    <ClCompile Include="CreatorState.cpp">
      <Filter>Source Files\states</Filter>
    </ClCompile>
    <ClCompile Include="CrateTile.cpp">
      <Filter>Source Files\tiles</Filter>
    </ClCompile>
    <ClCompile Include="TreeTile.cpp">
      <Filter>Source Files\tiles</Filter>
    </ClCompile>
    <ClCompile Include="DeathScreen.cpp">
      <Filter>Source Files\states</Filter>
    </ClCompile>
    <ClCompile Include="PentagramTile.cpp">
      <Filter>Source Files\tiles</Filter>
    </ClCompile>
    <ClCompile Include="VoidTile.cpp">
      <Filter>Source Files\tiles</Filter>
    </ClCompile>
    <ClCompile Include="Node.cpp">
      <Filter>Source Files\ai</Filter>
    </ClCompile>
    <ClCompile Include="Grid.cpp">
      <Filter>Source Files\ai</Filter>
    </ClCompile>
    <ClCompile Include="TextureManager.cpp">
      <Filter>Source Files\managers</Filter>
    </ClCompile>
    <ClCompile Include="CollisionManager.cpp">
      <Filter>Source Files\managers</Filter>
    </ClCompile>
    <ClCompile Include="GameObject.cpp">
      <Filter>Source Files\game</Filter>
    </ClCompile>
    <ClCompile Include="Game2D.cpp">
      <Filter>Source Files\game</Filter>
    </ClCompile>
    <ClCompile Include="Level.cpp">
      <Filter>Source Files\game</Filter>
    </ClCompile>
    <ClCompile Include="GUI.cpp">
      <Filter>Source Files\ui</Filter>
    </ClCompile>
    <ClCompile Include="Inventory.cpp">
      <Filter>Source Files\ui</Filter>
    </ClCompile>
    <ClCompile Include="Panel.cpp">
      <Filter>Source Files\ui</Filter>
    </ClCompile>
    <ClCompile Include="TexturePicker.cpp">
      <Filter>Source Files\utils</Filter>
    </ClCompile>
    <ClCompile Include="PathHeap.cpp">
      <Filter>Source Files\utils</Filter>
    </ClCompile>
    <ClCompile Include="Gun.cpp">
      <Filter>Source Files\entities</Filter>
    </ClCompile>
    <ClCompile Include="Weapon.cpp">
      <Filter>Source Files\entities</Filter>
    </ClCompile>
    <ClCompile Include="CheckpointTile.cpp">
      <Filter>Source Files\tiles</Filter>
    </ClCompile>
    <ClCompile Include="MainMenuState.cpp">
      <Filter>Source Files\states</Filter>
    </ClCompile>
    <ClCompile Include="UIButton.cpp">
      <Filter>Source Files\ui</Filter>
    </ClCompile>
    <ClCompile Include="GamePausedState.cpp">
      <Filter>Source Files\states</Filter>
    </ClCompile>
    <ClCompile Include="main.cpp">
      <Filter>Source Files\game</Filter>
    </ClCompile>
  </ItemGroup>
  <ItemGroup>
    <ClInclude Include="GrassTile.h">
      <Filter>Header Files\tiles</Filter>
    </ClInclude>
    <ClInclude Include="DirtTile.h">
      <Filter>Header Files\tiles</Filter>
    </ClInclude>
    <ClInclude Include="StoneTile.h">
      <Filter>Header Files\tiles</Filter>
    </ClInclude>
    <ClInclude Include="WoodPlankTile.h">
      <Filter>Header Files\tiles</Filter>
    </ClInclude>
    <ClInclude Include="WellTile.h">
      <Filter>Header Files\tiles</Filter>
    </ClInclude>
    <ClInclude Include="Tile.h">
      <Filter>Header Files\tiles</Filter>
    </ClInclude>
    <ClInclude Include="FlowerTile.h">
      <Filter>Header Files\tiles</Filter>
    </ClInclude>
    <ClInclude Include="Zombie.h">
      <Filter>Header Files\entities</Filter>
    </ClInclude>
    <ClInclude Include="Player.h">
      <Filter>Header Files\entities</Filter>
    </ClInclude>
    <ClInclude Include="Entity.h">
      <Filter>Header Files\entities</Filter>
    </ClInclude>
    <ClInclude Include="StateMachine.h">
      <Filter>Header Files\states</Filter>
    </ClInclude>
    <ClInclude Include="State.h">
      <Filter>Header Files\states</Filter>
    </ClInclude>
    <ClInclude Include="GameState.h">
      <Filter>Header Files\states</Filter>
    </ClInclude>
    <ClInclude Include="CreatorState.h">
      <Filter>Header Files\states</Filter>
    </ClInclude>
    <ClInclude Include="CrateTile.h">
      <Filter>Header Files\tiles</Filter>
    </ClInclude>
    <ClInclude Include="TreeTile.h">
      <Filter>Header Files\tiles</Filter>
    </ClInclude>
    <ClInclude Include="DeathScreen.h">
      <Filter>Header Files\states</Filter>
    </ClInclude>
    <ClInclude Include="PentagramTile.h">
      <Filter>Header Files\tiles</Filter>
    </ClInclude>
    <ClInclude Include="VoidTile.h">
      <Filter>Header Files\tiles</Filter>
    </ClInclude>
    <ClInclude Include="DynamicArray.h">
      <Filter>Header Files\utils</Filter>
    </ClInclude>
    <ClInclude Include="Rectangle.h">
      <Filter>Header Files\utils</Filter>
    </ClInclude>
    <ClInclude Include="PathHeap.h">
      <Filter>Header Files\utils</Filter>
    </ClInclude>
    <ClInclude Include="TileSaver.h">
      <Filter>Header Files\utils</Filter>
    </ClInclude>
    <ClInclude Include="Panel.h">
      <Filter>Header Files\ui</Filter>
    </ClInclude>
    <ClInclude Include="GUI.h">
      <Filter>Header Files\ui</Filter>
    </ClInclude>
    <ClInclude Include="Inventory.h">
      <Filter>Header Files\ui</Filter>
    </ClInclude>
    <ClInclude Include="CollisionManager.h">
      <Filter>Header Files\managers</Filter>
    </ClInclude>
    <ClInclude Include="TextureManager.h">
      <Filter>Header Files\managers</Filter>
    </ClInclude>
    <ClInclude Include="TexturePicker.h">
      <Filter>Header Files\utils</Filter>
    </ClInclude>
    <ClInclude Include="Grid.h">
      <Filter>Header Files\ai</Filter>
    </ClInclude>
    <ClInclude Include="Node.h">
      <Filter>Header Files\ai</Filter>
    </ClInclude>
    <ClInclude Include="Weapon.h">
      <Filter>Header Files\entities</Filter>
    </ClInclude>
    <ClInclude Include="Ray.h">
      <Filter>Header Files\utils</Filter>
    </ClInclude>
    <ClInclude Include="Gun.h">
      <Filter>Header Files\entities</Filter>
    </ClInclude>
    <ClInclude Include="Level.h">
      <Filter>Header Files\game</Filter>
    </ClInclude>
    <ClInclude Include="Game2D.h">
      <Filter>Header Files\game</Filter>
    </ClInclude>
    <ClInclude Include="GameObject.h">
      <Filter>Header Files\game</Filter>
    </ClInclude>
    <ClInclude Include="CheckpointTile.h">
      <Filter>Header Files\tiles</Filter>
    </ClInclude>
    <ClInclude Include="MainMenuState.h">
      <Filter>Header Files\states</Filter>
    </ClInclude>
    <ClInclude Include="UIButton.h">
      <Filter>Header Files\ui</Filter>
    </ClInclude>
    <ClInclude Include="GamePausedState.h">
      <Filter>Header Files\states</Filter>
    </ClInclude>
  </ItemGroup>
</Project>